// !$*UTF8*$!
{
	archiveVersion = 1;
	classes = {
	};
	objectVersion = 46;
	objects = {

/* Begin PBXBuildFile section */
		D948DF251EC1B3B100E25250 /* AppDelegate.swift in Sources */ = {isa = PBXBuildFile; fileRef = D948DF241EC1B3B100E25250 /* AppDelegate.swift */; };
		D948DF271EC1B3B100E25250 /* ViewController.swift in Sources */ = {isa = PBXBuildFile; fileRef = D948DF261EC1B3B100E25250 /* ViewController.swift */; };
		D948DF2A1EC1B3B100E25250 /* Main.storyboard in Resources */ = {isa = PBXBuildFile; fileRef = D948DF281EC1B3B100E25250 /* Main.storyboard */; };
		D948DF2C1EC1B3B100E25250 /* Assets.xcassets in Resources */ = {isa = PBXBuildFile; fileRef = D948DF2B1EC1B3B100E25250 /* Assets.xcassets */; };
		D948DF2F1EC1B3B100E25250 /* LaunchScreen.storyboard in Resources */ = {isa = PBXBuildFile; fileRef = D948DF2D1EC1B3B100E25250 /* LaunchScreen.storyboard */; };
/* End PBXBuildFile section */

/* Begin PBXFileReference section */
		D948DF211EC1B3B100E25250 /* AvoidingKeyboard.app */ = {isa = PBXFileReference; explicitFileType = wrapper.application; includeInIndex = 0; path = AvoidingKeyboard.app; sourceTree = BUILT_PRODUCTS_DIR; };
		D948DF241EC1B3B100E25250 /* AppDelegate.swift */ = {isa = PBXFileReference; lastKnownFileType = sourcecode.swift; path = AppDelegate.swift; sourceTree = "<group>"; };
		D948DF261EC1B3B100E25250 /* ViewController.swift */ = {isa = PBXFileReference; lastKnownFileType = sourcecode.swift; path = ViewController.swift; sourceTree = "<group>"; };
		D948DF291EC1B3B100E25250 /* Base */ = {isa = PBXFileReference; lastKnownFileType = file.storyboard; name = Base; path = Base.lproj/Main.storyboard; sourceTree = "<group>"; };
		D948DF2B1EC1B3B100E25250 /* Assets.xcassets */ = {isa = PBXFileReference; lastKnownFileType = folder.assetcatalog; path = Assets.xcassets; sourceTree = "<group>"; };
		D948DF2E1EC1B3B100E25250 /* Base */ = {isa = PBXFileReference; lastKnownFileType = file.storyboard; name = Base; path = Base.lproj/LaunchScreen.storyboard; sourceTree = "<group>"; };
		D948DF301EC1B3B100E25250 /* Info.plist */ = {isa = PBXFileReference; lastKnownFileType = text.plist.xml; path = Info.plist; sourceTree = "<group>"; };
/* End PBXFileReference section */

/* Begin PBXFrameworksBuildPhase section */
		D948DF1E1EC1B3B100E25250 /* Frameworks */ = {
			isa = PBXFrameworksBuildPhase;
			buildActionMask = 2147483647;
			files = (
			);
			runOnlyForDeploymentPostprocessing = 0;
		};
/* End PBXFrameworksBuildPhase section */

/* Begin PBXGroup section */
		D948DF181EC1B3B100E25250 = {
			isa = PBXGroup;
			children = (
				D948DF231EC1B3B100E25250 /* AvoidingKeyboard */,
				D948DF221EC1B3B100E25250 /* Products */,
			);
			sourceTree = "<group>";
		};
		D948DF221EC1B3B100E25250 /* Products */ = {
			isa = PBXGroup;
			children = (
				D948DF211EC1B3B100E25250 /* AvoidingKeyboard.app */,
			);
			name = Products;
			sourceTree = "<group>";
		};
		D948DF231EC1B3B100E25250 /* AvoidingKeyboard */ = {
			isa = PBXGroup;
			children = (
				D948DF241EC1B3B100E25250 /* AppDelegate.swift */,
				D948DF261EC1B3B100E25250 /* ViewController.swift */,
				D948DF281EC1B3B100E25250 /* Main.storyboard */,
				D948DF2B1EC1B3B100E25250 /* Assets.xcassets */,
				D948DF2D1EC1B3B100E25250 /* LaunchScreen.storyboard */,
				D948DF301EC1B3B100E25250 /* Info.plist */,
			);
			path = AvoidingKeyboard;
			sourceTree = "<group>";
		};
/* End PBXGroup section */

/* Begin PBXNativeTarget section */
		D948DF201EC1B3B100E25250 /* AvoidingKeyboard */ = {
			isa = PBXNativeTarget;
			buildConfigurationList = D948DF331EC1B3B100E25250 /* Build configuration list for PBXNativeTarget "AvoidingKeyboard" */;
			buildPhases = (
				D948DF1D1EC1B3B100E25250 /* Sources */,
				D948DF1E1EC1B3B100E25250 /* Frameworks */,
				D948DF1F1EC1B3B100E25250 /* Resources */,
			);
			buildRules = (
			);
			dependencies = (
			);
			name = AvoidingKeyboard;
			productName = AvoidingKeyboard;
			productReference = D948DF211EC1B3B100E25250 /* AvoidingKeyboard.app */;
			productType = "com.apple.product-type.application";
		};
/* End PBXNativeTarget section */

/* Begin PBXProject section */
		D948DF191EC1B3B100E25250 /* Project object */ = {
			isa = PBXProject;
			attributes = {
				LastSwiftUpdateCheck = 0830;
				LastUpgradeCheck = 0830;
				ORGANIZATIONNAME = mohamedz;
				TargetAttributes = {
					D948DF201EC1B3B100E25250 = {
						CreatedOnToolsVersion = 8.3.2;
						DevelopmentTeam = U76D6E368Z;
						ProvisioningStyle = Automatic;
					};
				};
			};
			buildConfigurationList = D948DF1C1EC1B3B100E25250 /* Build configuration list for PBXProject "AvoidingKeyboard" */;
			compatibilityVersion = "Xcode 3.2";
			developmentRegion = English;
			hasScannedForEncodings = 0;
			knownRegions = (
				en,
				Base,
			);
			mainGroup = D948DF181EC1B3B100E25250;
			productRefGroup = D948DF221EC1B3B100E25250 /* Products */;
			projectDirPath = "";
			projectRoot = "";
			targets = (
				D948DF201EC1B3B100E25250 /* AvoidingKeyboard */,
			);
		};
/* End PBXProject section */

/* Begin PBXResourcesBuildPhase section */
		D948DF1F1EC1B3B100E25250 /* Resources */ = {
			isa = PBXResourcesBuildPhase;
			buildActionMask = 2147483647;
			files = (
				D948DF2F1EC1B3B100E25250 /* LaunchScreen.storyboard in Resources */,
				D948DF2C1EC1B3B100E25250 /* Assets.xcassets in Resources */,
				D948DF2A1EC1B3B100E25250 /* Main.storyboard in Resources */,
			);
			runOnlyForDeploymentPostprocessing = 0;
		};
/* End PBXResourcesBuildPhase section */

/* Begin PBXSourcesBuildPhase section */
		D948DF1D1EC1B3B100E25250 /* Sources */ = {
			isa = PBXSourcesBuildPhase;
			buildActionMask = 2147483647;
			files = (
				D948DF271EC1B3B100E25250 /* ViewController.swift in Sources */,
				D948DF251EC1B3B100E25250 /* AppDelegate.swift in Sources */,
			);
			runOnlyForDeploymentPostprocessing = 0;
		};
/* End PBXSourcesBuildPhase section */

/* Begin PBXVariantGroup section */
		D948DF281EC1B3B100E25250 /* Main.storyboard */ = {
			isa = PBXVariantGroup;
			children = (
				D948DF291EC1B3B100E25250 /* Base */,
			);
			name = Main.storyboard;
			sourceTree = "<group>";
		};
		D948DF2D1EC1B3B100E25250 /* LaunchScreen.storyboard */ = {
			isa = PBXVariantGroup;
			children = (
				D948DF2E1EC1B3B100E25250 /* Base */,
			);
			name = LaunchScreen.storyboard;
			sourceTree = "<group>";
		};
/* End PBXVariantGroup section */

/* Begin XCBuildConfiguration section */
		D948DF311EC1B3B100E25250 /* Debug */ = {
			isa = XCBuildConfiguration;
			buildSettings = {
				ALWAYS_SEARCH_USER_PATHS = NO;
				CLANG_ANALYZER_NONNULL = YES;
				CLANG_ANALYZER_NUMBER_OBJECT_CONVERSION = YES_AGGRESSIVE;
				CLANG_CXX_LANGUAGE_STANDARD = "gnu++0x";
				CLANG_CXX_LIBRARY = "libc++";
				CLANG_ENABLE_MODULES = YES;
				CLANG_ENABLE_OBJC_ARC = YES;
				CLANG_WARN_BOOL_CONVERSION = YES;
				CLANG_WARN_CONSTANT_CONVERSION = YES;
				CLANG_WARN_DIRECT_OBJC_ISA_USAGE = YES_ERROR;
				CLANG_WARN_DOCUMENTATION_COMMENTS = YES;
				CLANG_WARN_EMPTY_BODY = YES;
				CLANG_WARN_ENUM_CONVERSION = YES;
				CLANG_WARN_INFINITE_RECURSION = YES;
				CLANG_WARN_INT_CONVERSION = YES;
				CLANG_WARN_OBJC_ROOT_CLASS = YES_ERROR;
				CLANG_WARN_SUSPICIOUS_MOVE = YES;
				CLANG_WARN_UNREACHABLE_CODE = YES;
				CLANG_WARN__DUPLICATE_METHOD_MATCH = YES;
				"CODE_SIGN_IDENTITY[sdk=iphoneos*]" = "iPhone Developer";
				COPY_PHASE_STRIP = NO;
				DEBUG_INFORMATION_FORMAT = dwarf;
				ENABLE_STRICT_OBJC_MSGSEND = YES;
				ENABLE_TESTABILITY = YES;
				GCC_C_LANGUAGE_STANDARD = gnu99;
				GCC_DYNAMIC_NO_PIC = NO;
				GCC_NO_COMMON_BLOCKS = YES;
				GCC_OPTIMIZATION_LEVEL = 0;
				GCC_PREPROCESSOR_DEFINITIONS = (
					"DEBUG=1",
					"$(inherited)",
				);
				GCC_WARN_64_TO_32_BIT_CONVERSION = YES;
				GCC_WARN_ABOUT_RETURN_TYPE = YES_ERROR;
				GCC_WARN_UNDECLARED_SELECTOR = YES;
				GCC_WARN_UNINITIALIZED_AUTOS = YES_AGGRESSIVE;
				GCC_WARN_UNUSED_FUNCTION = YES;
				GCC_WARN_UNUSED_VARIABLE = YES;
				IPHONEOS_DEPLOYMENT_TARGET = 10.3;
				MTL_ENABLE_DEBUG_INFO = YES;
				ONLY_ACTIVE_ARCH = YES;
				SDKROOT = iphoneos;
				SWIFT_ACTIVE_COMPILATION_CONDITIONS = DEBUG;
				SWIFT_OPTIMIZATION_LEVEL = "-Onone";
				TARGETED_DEVICE_FAMILY = "1,2";
			};
			name = Debug;
		};
		D948DF321EC1B3B100E25250 /* Release */ = {
			isa = XCBuildConfiguration;
			buildSettings = {
				ALWAYS_SEARCH_USER_PATHS = NO;
				CLANG_ANALYZER_NONNULL = YES;
				CLANG_ANALYZER_NUMBER_OBJECT_CONVERSION = YES_AGGRESSIVE;
				CLANG_CXX_LANGUAGE_STANDARD = "gnu++0x";
				CLANG_CXX_LIBRARY = "libc++";
				CLANG_ENABLE_MODULES = YES;
				CLANG_ENABLE_OBJC_ARC = YES;
				CLANG_WARN_BOOL_CONVERSION = YES;
				CLANG_WARN_CONSTANT_CONVERSION = YES;
				CLANG_WARN_DIRECT_OBJC_ISA_USAGE = YES_ERROR;
				CLANG_WARN_DOCUMENTATION_COMMENTS = YES;
				CLANG_WARN_EMPTY_BODY = YES;
				CLANG_WARN_ENUM_CONVERSION = YES;
				CLANG_WARN_INFINITE_RECURSION = YES;
				CLANG_WARN_INT_CONVERSION = YES;
				CLANG_WARN_OBJC_ROOT_CLASS = YES_ERROR;
				CLANG_WARN_SUSPICIOUS_MOVE = YES;
				CLANG_WARN_UNREACHABLE_CODE = YES;
				CLANG_WARN__DUPLICATE_METHOD_MATCH = YES;
				"CODE_SIGN_IDENTITY[sdk=iphoneos*]" = "iPhone Developer";
				COPY_PHASE_STRIP = NO;
				DEBUG_INFORMATION_FORMAT = "dwarf-with-dsym";
				ENABLE_NS_ASSERTIONS = NO;
				ENABLE_STRICT_OBJC_MSGSEND = YES;
				GCC_C_LANGUAGE_STANDARD = gnu99;
				GCC_NO_COMMON_BLOCKS = YES;
				GCC_WARN_64_TO_32_BIT_CONVERSION = YES;
				GCC_WARN_ABOUT_RETURN_TYPE = YES_ERROR;
				GCC_WARN_UNDECLARED_SELECTOR = YES;
				GCC_WARN_UNINITIALIZED_AUTOS = YES_AGGRESSIVE;
				GCC_WARN_UNUSED_FUNCTION = YES;
				GCC_WARN_UNUSED_VARIABLE = YES;
				IPHONEOS_DEPLOYMENT_TARGET = 10.3;
				MTL_ENABLE_DEBUG_INFO = NO;
				SDKROOT = iphoneos;
				SWIFT_OPTIMIZATION_LEVEL = "-Owholemodule";
				TARGETED_DEVICE_FAMILY = "1,2";
				VALIDATE_PRODUCT = YES;
			};
			name = Release;
		};
		D948DF341EC1B3B100E25250 /* Debug */ = {
			isa = XCBuildConfiguration;
			buildSettings = {
				ASSETCATALOG_COMPILER_APPICON_NAME = AppIcon;
				DEVELOPMENT_TEAM = U76D6E368Z;
				INFOPLIST_FILE = AvoidingKeyboard/Info.plist;
				LD_RUNPATH_SEARCH_PATHS = "$(inherited) @executable_path/Frameworks";
				PRODUCT_BUNDLE_IDENTIFIER = be.mohamedz.AvoidingKeyboard;
				PRODUCT_NAME = "$(TARGET_NAME)";
				SWIFT_VERSION = 3.0;
			};
			name = Debug;
		};
		D948DF351EC1B3B100E25250 /* Release */ = {
			isa = XCBuildConfiguration;
			buildSettings = {
				ASSETCATALOG_COMPILER_APPICON_NAME = AppIcon;
				DEVELOPMENT_TEAM = U76D6E368Z;
				INFOPLIST_FILE = AvoidingKeyboard/Info.plist;
				LD_RUNPATH_SEARCH_PATHS = "$(inherited) @executable_path/Frameworks";
				PRODUCT_BUNDLE_IDENTIFIER = be.mohamedz.AvoidingKeyboard;
				PRODUCT_NAME = "$(TARGET_NAME)";
				SWIFT_VERSION = 3.0;
			};
			name = Release;
		};
/* End XCBuildConfiguration section */

/* Begin XCConfigurationList section */
		D948DF1C1EC1B3B100E25250 /* Build configuration list for PBXProject "AvoidingKeyboard" */ = {
			isa = XCConfigurationList;
			buildConfigurations = (
				D948DF311EC1B3B100E25250 /* Debug */,
				D948DF321EC1B3B100E25250 /* Release */,
			);
			defaultConfigurationIsVisible = 0;
			defaultConfigurationName = Release;
		};
		D948DF331EC1B3B100E25250 /* Build configuration list for PBXNativeTarget "AvoidingKeyboard" */ = {
			isa = XCConfigurationList;
			buildConfigurations = (
				D948DF341EC1B3B100E25250 /* Debug */,
				D948DF351EC1B3B100E25250 /* Release */,
			);
			defaultConfigurationIsVisible = 0;
		};
/* End XCConfigurationList section */
	};
	rootObject = D948DF191EC1B3B100E25250 /* Project object */;
}
